// !$*UTF8*$!
{
	archiveVersion = 1;
	classes = {
	};
	objectVersion = 46;
	objects = {

/* Begin PBXBuildFile section */
		37EF25E81790EE020097E941 /* UIKit.framework in Frameworks */ = {isa = PBXBuildFile; fileRef = 37EF25E71790EE020097E941 /* UIKit.framework */; };
		37EF25EA1790EE020097E941 /* Foundation.framework in Frameworks */ = {isa = PBXBuildFile; fileRef = 37EF25E91790EE020097E941 /* Foundation.framework */; };
		37EF25EC1790EE020097E941 /* CoreGraphics.framework in Frameworks */ = {isa = PBXBuildFile; fileRef = 37EF25EB1790EE020097E941 /* CoreGraphics.framework */; };
		37EF25F21790EE020097E941 /* InfoPlist.strings in Resources */ = {isa = PBXBuildFile; fileRef = 37EF25F01790EE020097E941 /* InfoPlist.strings */; };
		37EF25F41790EE020097E941 /* main.m in Sources */ = {isa = PBXBuildFile; fileRef = 37EF25F31790EE020097E941 /* main.m */; };
		37EF25F81790EE020097E941 /* AppDelegate.m in Sources */ = {isa = PBXBuildFile; fileRef = 37EF25F71790EE020097E941 /* AppDelegate.m */; };
		37EF25FA1790EE020097E941 /* Default.png in Resources */ = {isa = PBXBuildFile; fileRef = 37EF25F91790EE020097E941 /* Default.png */; };
		37EF25FC1790EE020097E941 /* Default@2x.png in Resources */ = {isa = PBXBuildFile; fileRef = 37EF25FB1790EE020097E941 /* Default@2x.png */; };
		37EF25FE1790EE020097E941 /* Default-568h@2x.png in Resources */ = {isa = PBXBuildFile; fileRef = 37EF25FD1790EE020097E941 /* Default-568h@2x.png */; };
		37EF26191790EE1C0097E941 /* amrFileCodec.m in Sources */ = {isa = PBXBuildFile; fileRef = 37EF260C1790EE1C0097E941 /* amrFileCodec.m */; };
		37EF261A1790EE1C0097E941 /* libopencore-amrnb.a in Frameworks */ = {isa = PBXBuildFile; fileRef = 37EF26151790EE1C0097E941 /* libopencore-amrnb.a */; };
		37EF261B1790EE1C0097E941 /* libopencore-amrwb.a in Frameworks */ = {isa = PBXBuildFile; fileRef = 37EF26161790EE1C0097E941 /* libopencore-amrwb.a */; };
		37EF261C1790EE1C0097E941 /* RecordAudio.m in Sources */ = {isa = PBXBuildFile; fileRef = 37EF26181790EE1C0097E941 /* RecordAudio.m */; };
		37EF261E1790EF5F0097E941 /* AVFoundation.framework in Frameworks */ = {isa = PBXBuildFile; fileRef = 37EF261D1790EF5F0097E941 /* AVFoundation.framework */; };
		37EF26201790EF6E0097E941 /* AudioToolbox.framework in Frameworks */ = {isa = PBXBuildFile; fileRef = 37EF261F1790EF6E0097E941 /* AudioToolbox.framework */; };
		37EF262A1790F5F40097E941 /* DemoViewController.m in Sources */ = {isa = PBXBuildFile; fileRef = 37EF26281790F5F40097E941 /* DemoViewController.m */; };
		37EF262B1790F5F40097E941 /* DemoViewController.xib in Resources */ = {isa = PBXBuildFile; fileRef = 37EF26291790F5F40097E941 /* DemoViewController.xib */; };
/* End PBXBuildFile section */

/* Begin PBXFileReference section */
		37EF25E41790EE020097E941 /* ios-arm.app */ = {isa = PBXFileReference; explicitFileType = wrapper.application; includeInIndex = 0; path = "ios-arm.app"; sourceTree = BUILT_PRODUCTS_DIR; };
		37EF25E71790EE020097E941 /* UIKit.framework */ = {isa = PBXFileReference; lastKnownFileType = wrapper.framework; name = UIKit.framework; path = System/Library/Frameworks/UIKit.framework; sourceTree = SDKROOT; };
		37EF25E91790EE020097E941 /* Foundation.framework */ = {isa = PBXFileReference; lastKnownFileType = wrapper.framework; name = Foundation.framework; path = System/Library/Frameworks/Foundation.framework; sourceTree = SDKROOT; };
		37EF25EB1790EE020097E941 /* CoreGraphics.framework */ = {isa = PBXFileReference; lastKnownFileType = wrapper.framework; name = CoreGraphics.framework; path = System/Library/Frameworks/CoreGraphics.framework; sourceTree = SDKROOT; };
		37EF25EF1790EE020097E941 /* ios-arm-Info.plist */ = {isa = PBXFileReference; lastKnownFileType = text.plist.xml; path = "ios-arm-Info.plist"; sourceTree = "<group>"; };
		37EF25F11790EE020097E941 /* en */ = {isa = PBXFileReference; lastKnownFileType = text.plist.strings; name = en; path = en.lproj/InfoPlist.strings; sourceTree = "<group>"; };
		37EF25F31790EE020097E941 /* main.m */ = {isa = PBXFileReference; lastKnownFileType = sourcecode.c.objc; path = main.m; sourceTree = "<group>"; };
		37EF25F51790EE020097E941 /* ios-arm-Prefix.pch */ = {isa = PBXFileReference; lastKnownFileType = sourcecode.c.h; path = "ios-arm-Prefix.pch"; sourceTree = "<group>"; };
		37EF25F61790EE020097E941 /* AppDelegate.h */ = {isa = PBXFileReference; lastKnownFileType = sourcecode.c.h; path = AppDelegate.h; sourceTree = "<group>"; };
		37EF25F71790EE020097E941 /* AppDelegate.m */ = {isa = PBXFileReference; lastKnownFileType = sourcecode.c.objc; path = AppDelegate.m; sourceTree = "<group>"; };
		37EF25F91790EE020097E941 /* Default.png */ = {isa = PBXFileReference; lastKnownFileType = image.png; path = Default.png; sourceTree = "<group>"; };
		37EF25FB1790EE020097E941 /* Default@2x.png */ = {isa = PBXFileReference; lastKnownFileType = image.png; path = "Default@2x.png"; sourceTree = "<group>"; };
		37EF25FD1790EE020097E941 /* Default-568h@2x.png */ = {isa = PBXFileReference; lastKnownFileType = image.png; path = "Default-568h@2x.png"; sourceTree = "<group>"; };
		37EF260B1790EE1C0097E941 /* amrFileCodec.h */ = {isa = PBXFileReference; fileEncoding = 4; lastKnownFileType = sourcecode.c.h; path = amrFileCodec.h; sourceTree = "<group>"; };
		37EF260C1790EE1C0097E941 /* amrFileCodec.m */ = {isa = PBXFileReference; fileEncoding = 4; lastKnownFileType = sourcecode.c.objc; path = amrFileCodec.m; sourceTree = "<group>"; };
		37EF260F1790EE1C0097E941 /* interf_dec.h */ = {isa = PBXFileReference; fileEncoding = 4; lastKnownFileType = sourcecode.c.h; path = interf_dec.h; sourceTree = "<group>"; };
		37EF26101790EE1C0097E941 /* interf_enc.h */ = {isa = PBXFileReference; fileEncoding = 4; lastKnownFileType = sourcecode.c.h; path = interf_enc.h; sourceTree = "<group>"; };
		37EF26121790EE1C0097E941 /* dec_if.h */ = {isa = PBXFileReference; fileEncoding = 4; lastKnownFileType = sourcecode.c.h; path = dec_if.h; sourceTree = "<group>"; };
		37EF26131790EE1C0097E941 /* if_rom.h */ = {isa = PBXFileReference; fileEncoding = 4; lastKnownFileType = sourcecode.c.h; path = if_rom.h; sourceTree = "<group>"; };
		37EF26151790EE1C0097E941 /* libopencore-amrnb.a */ = {isa = PBXFileReference; lastKnownFileType = archive.ar; path = "libopencore-amrnb.a"; sourceTree = "<group>"; };
		37EF26161790EE1C0097E941 /* libopencore-amrwb.a */ = {isa = PBXFileReference; lastKnownFileType = archive.ar; path = "libopencore-amrwb.a"; sourceTree = "<group>"; };
		37EF26171790EE1C0097E941 /* RecordAudio.h */ = {isa = PBXFileReference; fileEncoding = 4; lastKnownFileType = sourcecode.c.h; path = RecordAudio.h; sourceTree = "<group>"; };
		37EF26181790EE1C0097E941 /* RecordAudio.m */ = {isa = PBXFileReference; fileEncoding = 4; lastKnownFileType = sourcecode.c.objc; path = RecordAudio.m; sourceTree = "<group>"; };
		37EF261D1790EF5F0097E941 /* AVFoundation.framework */ = {isa = PBXFileReference; lastKnownFileType = wrapper.framework; name = AVFoundation.framework; path = System/Library/Frameworks/AVFoundation.framework; sourceTree = SDKROOT; };
		37EF261F1790EF6E0097E941 /* AudioToolbox.framework */ = {isa = PBXFileReference; lastKnownFileType = wrapper.framework; name = AudioToolbox.framework; path = System/Library/Frameworks/AudioToolbox.framework; sourceTree = SDKROOT; };
		37EF26271790F5F40097E941 /* DemoViewController.h */ = {isa = PBXFileReference; fileEncoding = 4; lastKnownFileType = sourcecode.c.h; path = DemoViewController.h; sourceTree = "<group>"; };
		37EF26281790F5F40097E941 /* DemoViewController.m */ = {isa = PBXFileReference; fileEncoding = 4; lastKnownFileType = sourcecode.c.objc; path = DemoViewController.m; sourceTree = "<group>"; };
		37EF26291790F5F40097E941 /* DemoViewController.xib */ = {isa = PBXFileReference; fileEncoding = 4; lastKnownFileType = file.xib; path = DemoViewController.xib; sourceTree = "<group>"; };
/* End PBXFileReference section */

/* Begin PBXFrameworksBuildPhase section */
		37EF25E11790EE020097E941 /* Frameworks */ = {
			isa = PBXFrameworksBuildPhase;
			buildActionMask = 2147483647;
			files = (
				37EF26201790EF6E0097E941 /* AudioToolbox.framework in Frameworks */,
				37EF261E1790EF5F0097E941 /* AVFoundation.framework in Frameworks */,
				37EF25E81790EE020097E941 /* UIKit.framework in Frameworks */,
				37EF25EA1790EE020097E941 /* Foundation.framework in Frameworks */,
				37EF25EC1790EE020097E941 /* CoreGraphics.framework in Frameworks */,
				37EF261A1790EE1C0097E941 /* libopencore-amrnb.a in Frameworks */,
				37EF261B1790EE1C0097E941 /* libopencore-amrwb.a in Frameworks */,
			);
			runOnlyForDeploymentPostprocessing = 0;
		};
/* End PBXFrameworksBuildPhase section */

/* Begin PBXGroup section */
		37EF25DB1790EE020097E941 = {
			isa = PBXGroup;
			children = (
				37EF260A1790EE1C0097E941 /* arm */,
				37EF25ED1790EE020097E941 /* ios-arm */,
				37EF25E61790EE020097E941 /* Frameworks */,
				37EF25E51790EE020097E941 /* Products */,
			);
			sourceTree = "<group>";
		};
		37EF25E51790EE020097E941 /* Products */ = {
			isa = PBXGroup;
			children = (
				37EF25E41790EE020097E941 /* ios-arm.app */,
			);
			name = Products;
			sourceTree = "<group>";
		};
		37EF25E61790EE020097E941 /* Frameworks */ = {
			isa = PBXGroup;
			children = (
				37EF261F1790EF6E0097E941 /* AudioToolbox.framework */,
				37EF261D1790EF5F0097E941 /* AVFoundation.framework */,
				37EF25E71790EE020097E941 /* UIKit.framework */,
				37EF25E91790EE020097E941 /* Foundation.framework */,
				37EF25EB1790EE020097E941 /* CoreGraphics.framework */,
			);
			name = Frameworks;
			sourceTree = "<group>";
		};
		37EF25ED1790EE020097E941 /* ios-arm */ = {
			isa = PBXGroup;
			children = (
				37EF25F61790EE020097E941 /* AppDelegate.h */,
				37EF25F71790EE020097E941 /* AppDelegate.m */,
				37EF25EE1790EE020097E941 /* Supporting Files */,
				37EF26271790F5F40097E941 /* DemoViewController.h */,
				37EF26281790F5F40097E941 /* DemoViewController.m */,
				37EF26291790F5F40097E941 /* DemoViewController.xib */,
			);
			path = "ios-arm";
			sourceTree = "<group>";
		};
		37EF25EE1790EE020097E941 /* Supporting Files */ = {
			isa = PBXGroup;
			children = (
				37EF25EF1790EE020097E941 /* ios-arm-Info.plist */,
				37EF25F01790EE020097E941 /* InfoPlist.strings */,
				37EF25F31790EE020097E941 /* main.m */,
				37EF25F51790EE020097E941 /* ios-arm-Prefix.pch */,
				37EF25F91790EE020097E941 /* Default.png */,
				37EF25FB1790EE020097E941 /* Default@2x.png */,
				37EF25FD1790EE020097E941 /* Default-568h@2x.png */,
			);
			name = "Supporting Files";
			sourceTree = "<group>";
		};
		37EF260A1790EE1C0097E941 /* arm */ = {
			isa = PBXGroup;
			children = (
				37EF260B1790EE1C0097E941 /* amrFileCodec.h */,
				37EF260C1790EE1C0097E941 /* amrFileCodec.m */,
				37EF260D1790EE1C0097E941 /* include */,
				37EF26141790EE1C0097E941 /* lib */,
				37EF26171790EE1C0097E941 /* RecordAudio.h */,
				37EF26181790EE1C0097E941 /* RecordAudio.m */,
			);
			path = arm;
			sourceTree = "<group>";
		};
		37EF260D1790EE1C0097E941 /* include */ = {
			isa = PBXGroup;
			children = (
				37EF260E1790EE1C0097E941 /* opencore-amrnb */,
				37EF26111790EE1C0097E941 /* opencore-amrwb */,
			);
			path = include;
			sourceTree = "<group>";
		};
		37EF260E1790EE1C0097E941 /* opencore-amrnb */ = {
			isa = PBXGroup;
			children = (
				37EF260F1790EE1C0097E941 /* interf_dec.h */,
				37EF26101790EE1C0097E941 /* interf_enc.h */,
			);
			path = "opencore-amrnb";
			sourceTree = "<group>";
		};
		37EF26111790EE1C0097E941 /* opencore-amrwb */ = {
			isa = PBXGroup;
			children = (
				37EF26121790EE1C0097E941 /* dec_if.h */,
				37EF26131790EE1C0097E941 /* if_rom.h */,
			);
			path = "opencore-amrwb";
			sourceTree = "<group>";
		};
		37EF26141790EE1C0097E941 /* lib */ = {
			isa = PBXGroup;
			children = (
				37EF26151790EE1C0097E941 /* libopencore-amrnb.a */,
				37EF26161790EE1C0097E941 /* libopencore-amrwb.a */,
			);
			path = lib;
			sourceTree = "<group>";
		};
/* End PBXGroup section */

/* Begin PBXNativeTarget section */
		37EF25E31790EE020097E941 /* ios-arm */ = {
			isa = PBXNativeTarget;
			buildConfigurationList = 37EF26071790EE020097E941 /* Build configuration list for PBXNativeTarget "ios-arm" */;
			buildPhases = (
				37EF25E01790EE020097E941 /* Sources */,
				37EF25E11790EE020097E941 /* Frameworks */,
				37EF25E21790EE020097E941 /* Resources */,
			);
			buildRules = (
			);
			dependencies = (
			);
			name = "ios-arm";
			productName = "ios-arm";
			productReference = 37EF25E41790EE020097E941 /* ios-arm.app */;
			productType = "com.apple.product-type.application";
		};
/* End PBXNativeTarget section */

/* Begin PBXProject section */
		37EF25DC1790EE020097E941 /* Project object */ = {
			isa = PBXProject;
			attributes = {
				LastUpgradeCheck = 0460;
				ORGANIZATIONNAME = "huang xiaoguang";
			};
			buildConfigurationList = 37EF25DF1790EE020097E941 /* Build configuration list for PBXProject "ios-arm" */;
			compatibilityVersion = "Xcode 3.2";
			developmentRegion = English;
			hasScannedForEncodings = 0;
			knownRegions = (
				en,
			);
			mainGroup = 37EF25DB1790EE020097E941;
			productRefGroup = 37EF25E51790EE020097E941 /* Products */;
			projectDirPath = "";
			projectRoot = "";
			targets = (
				37EF25E31790EE020097E941 /* ios-arm */,
			);
		};
/* End PBXProject section */

/* Begin PBXResourcesBuildPhase section */
		37EF25E21790EE020097E941 /* Resources */ = {
			isa = PBXResourcesBuildPhase;
			buildActionMask = 2147483647;
			files = (
				37EF25F21790EE020097E941 /* InfoPlist.strings in Resources */,
				37EF25FA1790EE020097E941 /* Default.png in Resources */,
				37EF25FC1790EE020097E941 /* Default@2x.png in Resources */,
				37EF25FE1790EE020097E941 /* Default-568h@2x.png in Resources */,
				37EF262B1790F5F40097E941 /* DemoViewController.xib in Resources */,
			);
			runOnlyForDeploymentPostprocessing = 0;
		};
/* End PBXResourcesBuildPhase section */

/* Begin PBXSourcesBuildPhase section */
		37EF25E01790EE020097E941 /* Sources */ = {
			isa = PBXSourcesBuildPhase;
			buildActionMask = 2147483647;
			files = (
				37EF25F41790EE020097E941 /* main.m in Sources */,
				37EF25F81790EE020097E941 /* AppDelegate.m in Sources */,
				37EF26191790EE1C0097E941 /* amrFileCodec.m in Sources */,
				37EF261C1790EE1C0097E941 /* RecordAudio.m in Sources */,
				37EF262A1790F5F40097E941 /* DemoViewController.m in Sources */,
			);
			runOnlyForDeploymentPostprocessing = 0;
		};
/* End PBXSourcesBuildPhase section */

/* Begin PBXVariantGroup section */
		37EF25F01790EE020097E941 /* InfoPlist.strings */ = {
			isa = PBXVariantGroup;
			children = (
				37EF25F11790EE020097E941 /* en */,
			);
			name = InfoPlist.strings;
			sourceTree = "<group>";
		};
/* End PBXVariantGroup section */

/* Begin XCBuildConfiguration section */
		37EF26051790EE020097E941 /* Debug */ = {
			isa = XCBuildConfiguration;
			buildSettings = {
				ALWAYS_SEARCH_USER_PATHS = NO;
				CLANG_CXX_LANGUAGE_STANDARD = "gnu++0x";
				CLANG_CXX_LIBRARY = "libc++";
				CLANG_WARN_CONSTANT_CONVERSION = YES;
				CLANG_WARN_EMPTY_BODY = YES;
				CLANG_WARN_ENUM_CONVERSION = YES;
				CLANG_WARN_INT_CONVERSION = YES;
				CLANG_WARN__DUPLICATE_METHOD_MATCH = YES;
				"CODE_SIGN_IDENTITY[sdk=iphoneos*]" = "iPhone Developer";
				COPY_PHASE_STRIP = NO;
				GCC_C_LANGUAGE_STANDARD = gnu99;
				GCC_DYNAMIC_NO_PIC = NO;
				GCC_OPTIMIZATION_LEVEL = 0;
				GCC_PREPROCESSOR_DEFINITIONS = (
					"DEBUG=1",
					"$(inherited)",
				);
				GCC_SYMBOLS_PRIVATE_EXTERN = NO;
				GCC_WARN_ABOUT_RETURN_TYPE = YES;
				GCC_WARN_UNINITIALIZED_AUTOS = YES;
				GCC_WARN_UNUSED_VARIABLE = YES;
				IPHONEOS_DEPLOYMENT_TARGET = 6.1;
				ONLY_ACTIVE_ARCH = YES;
				SDKROOT = iphoneos;
				TARGETED_DEVICE_FAMILY = 2;
			};
			name = Debug;
		};
		37EF26061790EE020097E941 /* Release */ = {
			isa = XCBuildConfiguration;
			buildSettings = {
				ALWAYS_SEARCH_USER_PATHS = NO;
				CLANG_CXX_LANGUAGE_STANDARD = "gnu++0x";
				CLANG_CXX_LIBRARY = "libc++";
				CLANG_WARN_CONSTANT_CONVERSION = YES;
				CLANG_WARN_EMPTY_BODY = YES;
				CLANG_WARN_ENUM_CONVERSION = YES;
				CLANG_WARN_INT_CONVERSION = YES;
				CLANG_WARN__DUPLICATE_METHOD_MATCH = YES;
				"CODE_SIGN_IDENTITY[sdk=iphoneos*]" = "iPhone Developer";
				COPY_PHASE_STRIP = YES;
				GCC_C_LANGUAGE_STANDARD = gnu99;
				GCC_WARN_ABOUT_RETURN_TYPE = YES;
				GCC_WARN_UNINITIALIZED_AUTOS = YES;
				GCC_WARN_UNUSED_VARIABLE = YES;
				IPHONEOS_DEPLOYMENT_TARGET = 6.1;
				OTHER_CFLAGS = "-DNS_BLOCK_ASSERTIONS=1";
				SDKROOT = iphoneos;
				TARGETED_DEVICE_FAMILY = 2;
				VALIDATE_PRODUCT = YES;
			};
			name = Release;
		};
		37EF26081790EE020097E941 /* Debug */ = {
			isa = XCBuildConfiguration;
			buildSettings = {
				GCC_PRECOMPILE_PREFIX_HEADER = YES;
				GCC_PREFIX_HEADER = "ios-arm/ios-arm-Prefix.pch";
				INFOPLIST_FILE = "ios-arm/ios-arm-Info.plist";
				LIBRARY_SEARCH_PATHS = (
					"$(inherited)",
					"\"$(SRCROOT)/arm/lib\"",
				);
				PRODUCT_NAME = "$(TARGET_NAME)";
				TARGETED_DEVICE_FAMILY = 1;
				WRAPPER_EXTENSION = app;
			};
			name = Debug;
		};
		37EF26091790EE020097E941 /* Release */ = {
			isa = XCBuildConfiguration;
			buildSettings = {
				GCC_PRECOMPILE_PREFIX_HEADER = YES;
				GCC_PREFIX_HEADER = "ios-arm/ios-arm-Prefix.pch";
				INFOPLIST_FILE = "ios-arm/ios-arm-Info.plist";
				LIBRARY_SEARCH_PATHS = (
					"$(inherited)",
					"\"$(SRCROOT)/arm/lib\"",
				);
				PRODUCT_NAME = "$(TARGET_NAME)";
				TARGETED_DEVICE_FAMILY = 1;
				WRAPPER_EXTENSION = app;
			};
			name = Release;
		};
/* End XCBuildConfiguration section */

/* Begin XCConfigurationList section */
		37EF25DF1790EE020097E941 /* Build configuration list for PBXProject "ios-arm" */ = {
			isa = XCConfigurationList;
			buildConfigurations = (
				37EF26051790EE020097E941 /* Debug */,
				37EF26061790EE020097E941 /* Release */,
			);
			defaultConfigurationIsVisible = 0;
			defaultConfigurationName = Release;
		};
		37EF26071790EE020097E941 /* Build configuration list for PBXNativeTarget "ios-arm" */ = {
			isa = XCConfigurationList;
			buildConfigurations = (
				37EF26081790EE020097E941 /* Debug */,
				37EF26091790EE020097E941 /* Release */,
			);
			defaultConfigurationIsVisible = 0;
		};
/* End XCConfigurationList section */
	};
	rootObject = 37EF25DC1790EE020097E941 /* Project object */;
}
